
Microsoft Visual Studio Solution File, Format Version 12.00
# Visual Studio Version 17
VisualStudioVersion = 17.10.35122.118
MinimumVisualStudioVersion = 10.0.40219.1
Project("{9A19103F-16F7-4668-BE54-9A1E7A4F7556}") = "BlazorChatApp", "BlazorChatApp\BlazorChatApp.csproj", "{FE1AED58-7377-4B59-9623-2754C714F616}"
EndProject
Project("{FAE04EC0-301F-11D3-BF4B-00C04F79EFBC}") = "BlazorChatApp.AppHost", "BlazorChatApp.AppHost\BlazorChatApp.AppHost.csproj", "{74F0E272-955C-4473-9BE3-4A6C9C01C6D8}"
EndProject
Project("{FAE04EC0-301F-11D3-BF4B-00C04F79EFBC}") = "BlazorChatApp.ServiceDefaults", "BlazorChatApp.ServiceDefaults\BlazorChatApp.ServiceDefaults.csproj", "{2D999D18-BC62-49AF-9690-64D7BC903B08}"
EndProject
Global
	GlobalSection(SolutionConfigurationPlatforms) = preSolution
		Debug|Any CPU = Debug|Any CPU
		Release|Any CPU = Release|Any CPU
	EndGlobalSection
	GlobalSection(ProjectConfigurationPlatforms) = postSolution
		{FE1AED58-7377-4B59-9623-2754C714F616}.Debug|Any CPU.ActiveCfg = Debug|Any CPU
		{FE1AED58-7377-4B59-9623-2754C714F616}.Debug|Any CPU.Build.0 = Debug|Any CPU
		{FE1AED58-7377-4B59-9623-2754C714F616}.Release|Any CPU.ActiveCfg = Release|Any CPU
		{FE1AED58-7377-4B59-9623-2754C714F616}.Release|Any CPU.Build.0 = Release|Any CPU
		{74F0E272-955C-4473-9BE3-4A6C9C01C6D8}.Debug|Any CPU.ActiveCfg = Debug|Any CPU
		{74F0E272-955C-4473-9BE3-4A6C9C01C6D8}.Debug|Any CPU.Build.0 = Debug|Any CPU
		{74F0E272-955C-4473-9BE3-4A6C9C01C6D8}.Release|Any CPU.ActiveCfg = Release|Any CPU
		{74F0E272-955C-4473-9BE3-4A6C9C01C6D8}.Release|Any CPU.Build.0 = Release|Any CPU
		{2D999D18-BC62-49AF-9690-64D7BC903B08}.Debug|Any CPU.ActiveCfg = Debug|Any CPU
		{2D999D18-BC62-49AF-9690-64D7BC903B08}.Debug|Any CPU.Build.0 = Debug|Any CPU
		{2D999D18-BC62-49AF-9690-64D7BC903B08}.Release|Any CPU.ActiveCfg = Release|Any CPU
		{2D999D18-BC62-49AF-9690-64D7BC903B08}.Release|Any CPU.Build.0 = Release|Any CPU
	EndGlobalSection
	GlobalSection(SolutionProperties) = preSolution
		HideSolutionNode = FALSE
	EndGlobalSection
	GlobalSection(ExtensibilityGlobals) = postSolution
		SolutionGuid = {49509DCB-E4AE-4A8A-9547-A4458A9F3368}
	EndGlobalSection
EndGlobal
